<?xml version="1.0" encoding="UTF-8" standalone="yes" ?>
<CodeBlocks_project_file>
	<FileVersion major="1" minor="6" />
	<Project>
		<Option title="TheQuestGame" />
		<Option pch_mode="2" />
		<Option compiler="gcc" />
		<Build>
			<Target title="Debug">
				<Option output="bin/Debug/piQuestStart_debug" prefix_auto="1" extension_auto="1" />
				<Option object_output="obj/Debug/" />
				<Option type="1" />
				<Option compiler="gcc" />
				<Compiler>
					<Add option="-std=c++11" />
					<Add option="-g" />
				</Compiler>
			</Target>
			<Target title="Release">
				<Option output="bin/Release/piQuestStart" prefix_auto="1" extension_auto="1" />
				<Option object_output="obj/Release/" />
				<Option type="1" />
				<Option compiler="gcc" />
				<Compiler>
					<Add option="-O2" />
				</Compiler>
				<Linker>
					<Add option="-s" />
				</Linker>
			</Target>
		</Build>
		<Compiler>
			<Add option="-O3" />
			<Add option="-std=c++11" />
			<Add option="-Wall" />
			<Add option="-fexceptions" />
			<Add directory="include/include" />
		</Compiler>
		<Linker>
			<Add option="-lpthread" />
			<Add library="libs/libshapes.so" />
			<Add library="libs/openvg/libOpenVG.so" />
			<Add library="libs/wiringpi/libwiringPi.so" />
		</Linker>
		<Unit filename="include/game_defines.cpp" />
		<Unit filename="include/game_defines.h" />
		<Unit filename="include/game_ui.cpp" />
		<Unit filename="include/game_ui.h" />
		<Unit filename="include/include/VG/openvg.h" />
		<Unit filename="include/include/VG/vgext.h" />
		<Unit filename="include/include/VG/vgplatform.h" />
		<Unit filename="include/include/VG/vgu.h" />
		<Unit filename="include/include/fontinfo.h" />
		<Unit filename="include/include/shapes.h" />
		<Unit filename="include/include/wiringPi.h" />
		<Unit filename="include/include/wiringPiI2C.h" />
		<Unit filename="include/include/wiringPiSPI.h" />
		<Unit filename="include/include/wiringSerial.h" />
		<Unit filename="include/include/wiringShift.h" />
		<Unit filename="main.cpp" />
		<Extensions>
			<code_completion />
			<debugger />
			<envvars />
		</Extensions>
	</Project>
</CodeBlocks_project_file>
